
Microsoft Visual Studio Solution File, Format Version 12.00
# Visual Studio Version 16
VisualStudioVersion = 16.0.30523.141
MinimumVisualStudioVersion = 10.0.40219.1
Project("{9A19103F-16F7-4668-BE54-9A1E7A4F7556}") = "DesignPattern.Factory", "DesignPattern.Factory\DesignPattern.Factory.csproj", "{08EBF7CE-3CB5-4428-8DED-F72E45970D02}"
EndProject
Project("{FAE04EC0-301F-11D3-BF4B-00C04F79EFBC}") = "DesignPattern.Tests", "DesignPattern.Tests\DesignPattern.Tests.csproj", "{1FA69914-EB54-41B3-B0F8-C3DCFE69C85F}"
EndProject
Global
	GlobalSection(SolutionConfigurationPlatforms) = preSolution
		Debug|Any CPU = Debug|Any CPU
		Release|Any CPU = Release|Any CPU
	EndGlobalSection
	GlobalSection(ProjectConfigurationPlatforms) = postSolution
		{08EBF7CE-3CB5-4428-8DED-F72E45970D02}.Debug|Any CPU.ActiveCfg = Debug|Any CPU
		{08EBF7CE-3CB5-4428-8DED-F72E45970D02}.Debug|Any CPU.Build.0 = Debug|Any CPU
		{08EBF7CE-3CB5-4428-8DED-F72E45970D02}.Release|Any CPU.ActiveCfg = Release|Any CPU
		{08EBF7CE-3CB5-4428-8DED-F72E45970D02}.Release|Any CPU.Build.0 = Release|Any CPU
		{1FA69914-EB54-41B3-B0F8-C3DCFE69C85F}.Debug|Any CPU.ActiveCfg = Debug|Any CPU
		{1FA69914-EB54-41B3-B0F8-C3DCFE69C85F}.Debug|Any CPU.Build.0 = Debug|Any CPU
		{1FA69914-EB54-41B3-B0F8-C3DCFE69C85F}.Release|Any CPU.ActiveCfg = Release|Any CPU
		{1FA69914-EB54-41B3-B0F8-C3DCFE69C85F}.Release|Any CPU.Build.0 = Release|Any CPU
	EndGlobalSection
	GlobalSection(SolutionProperties) = preSolution
		HideSolutionNode = FALSE
	EndGlobalSection
	GlobalSection(ExtensibilityGlobals) = postSolution
		SolutionGuid = {6861950C-2C0B-4424-86B4-DB7C47E03B9A}
	EndGlobalSection
EndGlobal
